// !$*UTF8*$!
{
	archiveVersion = 1;
	classes = {
	};
	objectVersion = 56;
	objects = {

/* Begin PBXBuildFile section */
		263A52B72C1B271100942CB0 /* NewItemView.swift in Sources */ = {isa = PBXBuildFile; fileRef = 263A52B52C1B271100942CB0 /* NewItemView.swift */; };
		263A52B82C1B271100942CB0 /* MenuDetailView.swift in Sources */ = {isa = PBXBuildFile; fileRef = 263A52B62C1B271100942CB0 /* MenuDetailView.swift */; };
		263A52BB2C1B272100942CB0 /* MenuItem.swift in Sources */ = {isa = PBXBuildFile; fileRef = 263A52B92C1B272100942CB0 /* MenuItem.swift */; };
		263A52BC2C1B272100942CB0 /* ViewModel.swift in Sources */ = {isa = PBXBuildFile; fileRef = 263A52BA2C1B272100942CB0 /* ViewModel.swift */; };
		263A52C12C1B286B00942CB0 /* StaffListViewModel.swift in Sources */ = {isa = PBXBuildFile; fileRef = 263A52C02C1B286B00942CB0 /* StaffListViewModel.swift */; };
		263A52C32C1B2D9A00942CB0 /* Staff+FoodItem.swift in Sources */ = {isa = PBXBuildFile; fileRef = 263A52C22C1B2D9A00942CB0 /* Staff+FoodItem.swift */; };
		263A52C52C1B588400942CB0 /* MenuListView.swift in Sources */ = {isa = PBXBuildFile; fileRef = 263A52C42C1B588400942CB0 /* MenuListView.swift */; };
		263A52C72C1B59EB00942CB0 /* FoodItem.swift in Sources */ = {isa = PBXBuildFile; fileRef = 263A52C62C1B59EB00942CB0 /* FoodItem.swift */; };
		263CA7A02C0A2621009EAB42 /* DHAppApp.swift in Sources */ = {isa = PBXBuildFile; fileRef = 263CA79F2C0A2621009EAB42 /* DHAppApp.swift */; };
		263CA7A22C0A2621009EAB42 /* ContentView.swift in Sources */ = {isa = PBXBuildFile; fileRef = 263CA7A12C0A2621009EAB42 /* ContentView.swift */; };
		263CA7A42C0A2622009EAB42 /* Assets.xcassets in Resources */ = {isa = PBXBuildFile; fileRef = 263CA7A32C0A2622009EAB42 /* Assets.xcassets */; };
		263CA7A72C0A2622009EAB42 /* Preview Assets.xcassets in Resources */ = {isa = PBXBuildFile; fileRef = 263CA7A62C0A2622009EAB42 /* Preview Assets.xcassets */; };
		263CA7B22C0A2D64009EAB42 /* ItemImage.swift in Sources */ = {isa = PBXBuildFile; fileRef = 263CA7B12C0A2D64009EAB42 /* ItemImage.swift */; };
		2654FBA62C19E63200E78B48 /* Supabase.swift in Sources */ = {isa = PBXBuildFile; fileRef = 2654FBA52C19E63200E78B48 /* Supabase.swift */; };
		2654FBA92C19E9D300E78B48 /* Auth in Frameworks */ = {isa = PBXBuildFile; productRef = 2654FBA82C19E9D300E78B48 /* Auth */; };
		2654FBAB2C19E9D300E78B48 /* Functions in Frameworks */ = {isa = PBXBuildFile; productRef = 2654FBAA2C19E9D300E78B48 /* Functions */; };
		2654FBAD2C19E9D300E78B48 /* PostgREST in Frameworks */ = {isa = PBXBuildFile; productRef = 2654FBAC2C19E9D300E78B48 /* PostgREST */; };
		2654FBAF2C19E9D300E78B48 /* Realtime in Frameworks */ = {isa = PBXBuildFile; productRef = 2654FBAE2C19E9D300E78B48 /* Realtime */; };
		2654FBB12C19E9D300E78B48 /* Storage in Frameworks */ = {isa = PBXBuildFile; productRef = 2654FBB02C19E9D300E78B48 /* Storage */; };
		2654FBB32C19E9D300E78B48 /* Supabase in Frameworks */ = {isa = PBXBuildFile; productRef = 2654FBB22C19E9D300E78B48 /* Supabase */; };
		2654FBB92C1A8C7600E78B48 /* Staff.swift in Sources */ = {isa = PBXBuildFile; fileRef = 2654FBB82C1A8C7600E78B48 /* Staff.swift */; };
		2654FBC92C1B232200E78B48 /* MenuHistoryView.swift in Sources */ = {isa = PBXBuildFile; fileRef = 2654FBC42C1B232100E78B48 /* MenuHistoryView.swift */; };
		2654FBCA2C1B232200E78B48 /* TabFour.swift in Sources */ = {isa = PBXBuildFile; fileRef = 2654FBC52C1B232100E78B48 /* TabFour.swift */; };
		2654FBCC2C1B232200E78B48 /* LMenu.swift in Sources */ = {isa = PBXBuildFile; fileRef = 2654FBC72C1B232100E78B48 /* LMenu.swift */; };
		2654FBCD2C1B232200E78B48 /* DMenu.swift in Sources */ = {isa = PBXBuildFile; fileRef = 2654FBC82C1B232200E78B48 /* DMenu.swift */; };
		2654FBD72C1B245A00E78B48 /* StaffList.swift in Sources */ = {isa = PBXBuildFile; fileRef = 2654FBD62C1B245A00E78B48 /* StaffList.swift */; };
		26C46D822C11E790009018B7 /* OpeningView.swift in Sources */ = {isa = PBXBuildFile; fileRef = 26C46D812C11E790009018B7 /* OpeningView.swift */; };
		26C46D842C11EF4E009018B7 /* LoginView.swift in Sources */ = {isa = PBXBuildFile; fileRef = 26C46D832C11EF4E009018B7 /* LoginView.swift */; };
/* End PBXBuildFile section */

/* Begin PBXFileReference section */
		263A52B52C1B271100942CB0 /* NewItemView.swift */ = {isa = PBXFileReference; fileEncoding = 4; lastKnownFileType = sourcecode.swift; name = NewItemView.swift; path = "../../../../.Trash/DHApp-e4584ee77bd46b7094b36a89be59e55296163cbe/views/NewItemView.swift"; sourceTree = "<group>"; };
		263A52B62C1B271100942CB0 /* MenuDetailView.swift */ = {isa = PBXFileReference; fileEncoding = 4; lastKnownFileType = sourcecode.swift; name = MenuDetailView.swift; path = "../../../../.Trash/DHApp-e4584ee77bd46b7094b36a89be59e55296163cbe/views/MenuDetailView.swift"; sourceTree = "<group>"; };
		263A52B92C1B272100942CB0 /* MenuItem.swift */ = {isa = PBXFileReference; fileEncoding = 4; lastKnownFileType = sourcecode.swift; name = MenuItem.swift; path = "../../../../.Trash/DHApp-e4584ee77bd46b7094b36a89be59e55296163cbe/Model/MenuItem.swift"; sourceTree = "<group>"; };
		263A52BA2C1B272100942CB0 /* ViewModel.swift */ = {isa = PBXFileReference; fileEncoding = 4; lastKnownFileType = sourcecode.swift; name = ViewModel.swift; path = "../../../../.Trash/DHApp-e4584ee77bd46b7094b36a89be59e55296163cbe/Model/ViewModel.swift"; sourceTree = "<group>"; };
		263A52BF2C1B284500942CB0 /* ViewModel.swift */ = {isa = PBXFileReference; lastKnownFileType = sourcecode.swift; path = ViewModel.swift; sourceTree = "<group>"; };
		263A52C02C1B286B00942CB0 /* StaffListViewModel.swift */ = {isa = PBXFileReference; lastKnownFileType = sourcecode.swift; path = StaffListViewModel.swift; sourceTree = "<group>"; };
		263A52C22C1B2D9A00942CB0 /* Staff+FoodItem.swift */ = {isa = PBXFileReference; lastKnownFileType = sourcecode.swift; path = "Staff+FoodItem.swift"; sourceTree = "<group>"; };
		263A52C42C1B588400942CB0 /* MenuListView.swift */ = {isa = PBXFileReference; lastKnownFileType = sourcecode.swift; path = MenuListView.swift; sourceTree = "<group>"; };
		263A52C62C1B59EB00942CB0 /* FoodItem.swift */ = {isa = PBXFileReference; lastKnownFileType = sourcecode.swift; path = FoodItem.swift; sourceTree = "<group>"; };
		263CA79C2C0A2621009EAB42 /* DHApp.app */ = {isa = PBXFileReference; explicitFileType = wrapper.application; includeInIndex = 0; path = DHApp.app; sourceTree = BUILT_PRODUCTS_DIR; };
		263CA79F2C0A2621009EAB42 /* DHAppApp.swift */ = {isa = PBXFileReference; lastKnownFileType = sourcecode.swift; path = DHAppApp.swift; sourceTree = "<group>"; };
		263CA7A12C0A2621009EAB42 /* ContentView.swift */ = {isa = PBXFileReference; lastKnownFileType = sourcecode.swift; path = ContentView.swift; sourceTree = "<group>"; };
		263CA7A32C0A2622009EAB42 /* Assets.xcassets */ = {isa = PBXFileReference; lastKnownFileType = folder.assetcatalog; path = Assets.xcassets; sourceTree = "<group>"; };
		263CA7A62C0A2622009EAB42 /* Preview Assets.xcassets */ = {isa = PBXFileReference; lastKnownFileType = folder.assetcatalog; path = "Preview Assets.xcassets"; sourceTree = "<group>"; };
		263CA7B12C0A2D64009EAB42 /* ItemImage.swift */ = {isa = PBXFileReference; lastKnownFileType = sourcecode.swift; path = ItemImage.swift; sourceTree = "<group>"; };
		2654FBA52C19E63200E78B48 /* Supabase.swift */ = {isa = PBXFileReference; lastKnownFileType = sourcecode.swift; path = Supabase.swift; sourceTree = "<group>"; };
		2654FBB82C1A8C7600E78B48 /* Staff.swift */ = {isa = PBXFileReference; lastKnownFileType = sourcecode.swift; path = Staff.swift; sourceTree = "<group>"; };
		2654FBC42C1B232100E78B48 /* MenuHistoryView.swift */ = {isa = PBXFileReference; fileEncoding = 4; lastKnownFileType = sourcecode.swift; path = MenuHistoryView.swift; sourceTree = "<group>"; };
		2654FBC52C1B232100E78B48 /* TabFour.swift */ = {isa = PBXFileReference; fileEncoding = 4; lastKnownFileType = sourcecode.swift; path = TabFour.swift; sourceTree = "<group>"; };
		2654FBC72C1B232100E78B48 /* LMenu.swift */ = {isa = PBXFileReference; fileEncoding = 4; lastKnownFileType = sourcecode.swift; path = LMenu.swift; sourceTree = "<group>"; };
		2654FBC82C1B232200E78B48 /* DMenu.swift */ = {isa = PBXFileReference; fileEncoding = 4; lastKnownFileType = sourcecode.swift; path = DMenu.swift; sourceTree = "<group>"; };
		2654FBD62C1B245A00E78B48 /* StaffList.swift */ = {isa = PBXFileReference; lastKnownFileType = sourcecode.swift; path = StaffList.swift; sourceTree = "<group>"; };
		26C46D812C11E790009018B7 /* OpeningView.swift */ = {isa = PBXFileReference; lastKnownFileType = sourcecode.swift; path = OpeningView.swift; sourceTree = "<group>"; };
		26C46D832C11EF4E009018B7 /* LoginView.swift */ = {isa = PBXFileReference; lastKnownFileType = sourcecode.swift; path = LoginView.swift; sourceTree = "<group>"; };
/* End PBXFileReference section */

/* Begin PBXFrameworksBuildPhase section */
		263CA7992C0A2620009EAB42 /* Frameworks */ = {
			isa = PBXFrameworksBuildPhase;
			buildActionMask = 2147483647;
			files = (
				2654FBAD2C19E9D300E78B48 /* PostgREST in Frameworks */,
				2654FBAB2C19E9D300E78B48 /* Functions in Frameworks */,
				2654FBB32C19E9D300E78B48 /* Supabase in Frameworks */,
				2654FBA92C19E9D300E78B48 /* Auth in Frameworks */,
				2654FBB12C19E9D300E78B48 /* Storage in Frameworks */,
				2654FBAF2C19E9D300E78B48 /* Realtime in Frameworks */,
			);
			runOnlyForDeploymentPostprocessing = 0;
		};
/* End PBXFrameworksBuildPhase section */

/* Begin PBXGroup section */
		263CA7932C0A2620009EAB42 = {
			isa = PBXGroup;
			children = (
				263CA79F2C0A2621009EAB42 /* DHAppApp.swift */,
				2654FBA52C19E63200E78B48 /* Supabase.swift */,
				2654FBDA2C1B251400E78B48 /* ViewModels */,
				267797C42C177C290029AC1F /* views */,
				267797BF2C162B0C0029AC1F /* Model */,
				263CA7AE2C0A2BAC009EAB42 /* Tabs */,
				263CA79E2C0A2621009EAB42 /* DHApp */,
				263CA79D2C0A2621009EAB42 /* Products */,
			);
			sourceTree = "<group>";
		};
		263CA79D2C0A2621009EAB42 /* Products */ = {
			isa = PBXGroup;
			children = (
				263CA79C2C0A2621009EAB42 /* DHApp.app */,
			);
			name = Products;
			sourceTree = "<group>";
		};
		263CA79E2C0A2621009EAB42 /* DHApp */ = {
			isa = PBXGroup;
			children = (
				263CA7A12C0A2621009EAB42 /* ContentView.swift */,
				26C46D812C11E790009018B7 /* OpeningView.swift */,
				26C46D832C11EF4E009018B7 /* LoginView.swift */,
				263CA7A32C0A2622009EAB42 /* Assets.xcassets */,
				263CA7A52C0A2622009EAB42 /* Preview Content */,
				263CA7B12C0A2D64009EAB42 /* ItemImage.swift */,
			);
			path = DHApp;
			sourceTree = "<group>";
		};
		263CA7A52C0A2622009EAB42 /* Preview Content */ = {
			isa = PBXGroup;
			children = (
				263CA7A62C0A2622009EAB42 /* Preview Assets.xcassets */,
			);
			path = "Preview Content";
			sourceTree = "<group>";
		};
		263CA7AE2C0A2BAC009EAB42 /* Tabs */ = {
			isa = PBXGroup;
			children = (
				2654FBC82C1B232200E78B48 /* DMenu.swift */,
				2654FBC72C1B232100E78B48 /* LMenu.swift */,
				2654FBC42C1B232100E78B48 /* MenuHistoryView.swift */,
				2654FBC52C1B232100E78B48 /* TabFour.swift */,
			);
			path = Tabs;
			sourceTree = "<group>";
		};
		2654FBDA2C1B251400E78B48 /* ViewModels */ = {
			isa = PBXGroup;
			children = (
				263A52BF2C1B284500942CB0 /* ViewModel.swift */,
				263A52C02C1B286B00942CB0 /* StaffListViewModel.swift */,
			);
			name = ViewModels;
			path = views/ViewModels;
			sourceTree = "<group>";
		};
		267797BF2C162B0C0029AC1F /* Model */ = {
			isa = PBXGroup;
			children = (
				263A52B92C1B272100942CB0 /* MenuItem.swift */,
				263A52BA2C1B272100942CB0 /* ViewModel.swift */,
				2654FBB82C1A8C7600E78B48 /* Staff.swift */,
				263A52C22C1B2D9A00942CB0 /* Staff+FoodItem.swift */,
				263A52C62C1B59EB00942CB0 /* FoodItem.swift */,
			);
			path = Model;
			sourceTree = "<group>";
		};
		267797C42C177C290029AC1F /* views */ = {
			isa = PBXGroup;
			children = (
				263A52B62C1B271100942CB0 /* MenuDetailView.swift */,
				263A52B52C1B271100942CB0 /* NewItemView.swift */,
				2654FBD62C1B245A00E78B48 /* StaffList.swift */,
				263A52C42C1B588400942CB0 /* MenuListView.swift */,
			);
			path = views;
			sourceTree = "<group>";
		};
/* End PBXGroup section */

/* Begin PBXNativeTarget section */
		263CA79B2C0A2620009EAB42 /* DHApp */ = {
			isa = PBXNativeTarget;
			buildConfigurationList = 263CA7AA2C0A2622009EAB42 /* Build configuration list for PBXNativeTarget "DHApp" */;
			buildPhases = (
				263CA7982C0A2620009EAB42 /* Sources */,
				263CA7992C0A2620009EAB42 /* Frameworks */,
				263CA79A2C0A2620009EAB42 /* Resources */,
			);
			buildRules = (
			);
			dependencies = (
			);
			name = DHApp;
			packageProductDependencies = (
				2654FBA82C19E9D300E78B48 /* Auth */,
				2654FBAA2C19E9D300E78B48 /* Functions */,
				2654FBAC2C19E9D300E78B48 /* PostgREST */,
				2654FBAE2C19E9D300E78B48 /* Realtime */,
				2654FBB02C19E9D300E78B48 /* Storage */,
				2654FBB22C19E9D300E78B48 /* Supabase */,
			);
			productName = DHApp;
			productReference = 263CA79C2C0A2621009EAB42 /* DHApp.app */;
			productType = "com.apple.product-type.application";
		};
/* End PBXNativeTarget section */

/* Begin PBXProject section */
		263CA7942C0A2620009EAB42 /* Project object */ = {
			isa = PBXProject;
			attributes = {
				BuildIndependentTargetsInParallel = 1;
				LastSwiftUpdateCheck = 1540;
				LastUpgradeCheck = 1540;
				TargetAttributes = {
					263CA79B2C0A2620009EAB42 = {
						CreatedOnToolsVersion = 15.4;
					};
				};
			};
			buildConfigurationList = 263CA7972C0A2620009EAB42 /* Build configuration list for PBXProject "DHApp" */;
			compatibilityVersion = "Xcode 14.0";
			developmentRegion = en;
			hasScannedForEncodings = 0;
			knownRegions = (
				en,
				Base,
			);
			mainGroup = 263CA7932C0A2620009EAB42;
			packageReferences = (
				2654FBA72C19E9D300E78B48 /* XCRemoteSwiftPackageReference "supabase-swift" */,
			);
			productRefGroup = 263CA79D2C0A2621009EAB42 /* Products */;
			projectDirPath = "";
			projectRoot = "";
			targets = (
				263CA79B2C0A2620009EAB42 /* DHApp */,
			);
		};
/* End PBXProject section */

/* Begin PBXResourcesBuildPhase section */
		263CA79A2C0A2620009EAB42 /* Resources */ = {
			isa = PBXResourcesBuildPhase;
			buildActionMask = 2147483647;
			files = (
				263CA7A72C0A2622009EAB42 /* Preview Assets.xcassets in Resources */,
				263CA7A42C0A2622009EAB42 /* Assets.xcassets in Resources */,
			);
			runOnlyForDeploymentPostprocessing = 0;
		};
/* End PBXResourcesBuildPhase section */

/* Begin PBXSourcesBuildPhase section */
		263CA7982C0A2620009EAB42 /* Sources */ = {
			isa = PBXSourcesBuildPhase;
			buildActionMask = 2147483647;
			files = (
				263A52C32C1B2D9A00942CB0 /* Staff+FoodItem.swift in Sources */,
				263A52C52C1B588400942CB0 /* MenuListView.swift in Sources */,
				263A52C12C1B286B00942CB0 /* StaffListViewModel.swift in Sources */,
				2654FBCC2C1B232200E78B48 /* LMenu.swift in Sources */,
				263A52B82C1B271100942CB0 /* MenuDetailView.swift in Sources */,
				263A52B72C1B271100942CB0 /* NewItemView.swift in Sources */,
				263A52C72C1B59EB00942CB0 /* FoodItem.swift in Sources */,
				2654FBB92C1A8C7600E78B48 /* Staff.swift in Sources */,
				26C46D842C11EF4E009018B7 /* LoginView.swift in Sources */,
				263CA7B22C0A2D64009EAB42 /* ItemImage.swift in Sources */,
				263CA7A22C0A2621009EAB42 /* ContentView.swift in Sources */,
				263A52BB2C1B272100942CB0 /* MenuItem.swift in Sources */,
				263CA7A02C0A2621009EAB42 /* DHAppApp.swift in Sources */,
				2654FBA62C19E63200E78B48 /* Supabase.swift in Sources */,
				263A52BC2C1B272100942CB0 /* ViewModel.swift in Sources */,
				2654FBD72C1B245A00E78B48 /* StaffList.swift in Sources */,
				2654FBC92C1B232200E78B48 /* MenuHistoryView.swift in Sources */,
				26C46D822C11E790009018B7 /* OpeningView.swift in Sources */,
				2654FBCA2C1B232200E78B48 /* TabFour.swift in Sources */,
				2654FBCD2C1B232200E78B48 /* DMenu.swift in Sources */,
			);
			runOnlyForDeploymentPostprocessing = 0;
		};
/* End PBXSourcesBuildPhase section */

/* Begin XCBuildConfiguration section */
		263CA7A82C0A2622009EAB42 /* Debug */ = {
			isa = XCBuildConfiguration;
			buildSettings = {
				ALWAYS_SEARCH_USER_PATHS = NO;
				ASSETCATALOG_COMPILER_GENERATE_SWIFT_ASSET_SYMBOL_EXTENSIONS = YES;
				CLANG_ANALYZER_NONNULL = YES;
				CLANG_ANALYZER_NUMBER_OBJECT_CONVERSION = YES_AGGRESSIVE;
				CLANG_CXX_LANGUAGE_STANDARD = "gnu++20";
				CLANG_ENABLE_MODULES = YES;
				CLANG_ENABLE_OBJC_ARC = YES;
				CLANG_ENABLE_OBJC_WEAK = YES;
				CLANG_WARN_BLOCK_CAPTURE_AUTORELEASING = YES;
				CLANG_WARN_BOOL_CONVERSION = YES;
				CLANG_WARN_COMMA = YES;
				CLANG_WARN_CONSTANT_CONVERSION = YES;
				CLANG_WARN_DEPRECATED_OBJC_IMPLEMENTATIONS = YES;
				CLANG_WARN_DIRECT_OBJC_ISA_USAGE = YES_ERROR;
				CLANG_WARN_DOCUMENTATION_COMMENTS = YES;
				CLANG_WARN_EMPTY_BODY = YES;
				CLANG_WARN_ENUM_CONVERSION = YES;
				CLANG_WARN_INFINITE_RECURSION = YES;
				CLANG_WARN_INT_CONVERSION = YES;
				CLANG_WARN_NON_LITERAL_NULL_CONVERSION = YES;
				CLANG_WARN_OBJC_IMPLICIT_RETAIN_SELF = YES;
				CLANG_WARN_OBJC_LITERAL_CONVERSION = YES;
				CLANG_WARN_OBJC_ROOT_CLASS = YES_ERROR;
				CLANG_WARN_QUOTED_INCLUDE_IN_FRAMEWORK_HEADER = YES;
				CLANG_WARN_RANGE_LOOP_ANALYSIS = YES;
				CLANG_WARN_STRICT_PROTOTYPES = YES;
				CLANG_WARN_SUSPICIOUS_MOVE = YES;
				CLANG_WARN_UNGUARDED_AVAILABILITY = YES_AGGRESSIVE;
				CLANG_WARN_UNREACHABLE_CODE = YES;
				CLANG_WARN__DUPLICATE_METHOD_MATCH = YES;
				COPY_PHASE_STRIP = NO;
				DEBUG_INFORMATION_FORMAT = dwarf;
				ENABLE_STRICT_OBJC_MSGSEND = YES;
				ENABLE_TESTABILITY = YES;
				ENABLE_USER_SCRIPT_SANDBOXING = YES;
				GCC_C_LANGUAGE_STANDARD = gnu17;
				GCC_DYNAMIC_NO_PIC = NO;
				GCC_NO_COMMON_BLOCKS = YES;
				GCC_OPTIMIZATION_LEVEL = 0;
				GCC_PREPROCESSOR_DEFINITIONS = (
					"DEBUG=1",
					"$(inherited)",
				);
				GCC_WARN_64_TO_32_BIT_CONVERSION = YES;
				GCC_WARN_ABOUT_RETURN_TYPE = YES_ERROR;
				GCC_WARN_UNDECLARED_SELECTOR = YES;
				GCC_WARN_UNINITIALIZED_AUTOS = YES_AGGRESSIVE;
				GCC_WARN_UNUSED_FUNCTION = YES;
				GCC_WARN_UNUSED_VARIABLE = YES;
				IPHONEOS_DEPLOYMENT_TARGET = 17.5;
				LOCALIZATION_PREFERS_STRING_CATALOGS = YES;
				MTL_ENABLE_DEBUG_INFO = INCLUDE_SOURCE;
				MTL_FAST_MATH = YES;
				ONLY_ACTIVE_ARCH = YES;
				SDKROOT = iphoneos;
				SWIFT_ACTIVE_COMPILATION_CONDITIONS = "DEBUG $(inherited)";
				SWIFT_OPTIMIZATION_LEVEL = "-Onone";
			};
			name = Debug;
		};
		263CA7A92C0A2622009EAB42 /* Release */ = {
			isa = XCBuildConfiguration;
			buildSettings = {
				ALWAYS_SEARCH_USER_PATHS = NO;
				ASSETCATALOG_COMPILER_GENERATE_SWIFT_ASSET_SYMBOL_EXTENSIONS = YES;
				CLANG_ANALYZER_NONNULL = YES;
				CLANG_ANALYZER_NUMBER_OBJECT_CONVERSION = YES_AGGRESSIVE;
				CLANG_CXX_LANGUAGE_STANDARD = "gnu++20";
				CLANG_ENABLE_MODULES = YES;
				CLANG_ENABLE_OBJC_ARC = YES;
				CLANG_ENABLE_OBJC_WEAK = YES;
				CLANG_WARN_BLOCK_CAPTURE_AUTORELEASING = YES;
				CLANG_WARN_BOOL_CONVERSION = YES;
				CLANG_WARN_COMMA = YES;
				CLANG_WARN_CONSTANT_CONVERSION = YES;
				CLANG_WARN_DEPRECATED_OBJC_IMPLEMENTATIONS = YES;
				CLANG_WARN_DIRECT_OBJC_ISA_USAGE = YES_ERROR;
				CLANG_WARN_DOCUMENTATION_COMMENTS = YES;
				CLANG_WARN_EMPTY_BODY = YES;
				CLANG_WARN_ENUM_CONVERSION = YES;
				CLANG_WARN_INFINITE_RECURSION = YES;
				CLANG_WARN_INT_CONVERSION = YES;
				CLANG_WARN_NON_LITERAL_NULL_CONVERSION = YES;
				CLANG_WARN_OBJC_IMPLICIT_RETAIN_SELF = YES;
				CLANG_WARN_OBJC_LITERAL_CONVERSION = YES;
				CLANG_WARN_OBJC_ROOT_CLASS = YES_ERROR;
				CLANG_WARN_QUOTED_INCLUDE_IN_FRAMEWORK_HEADER = YES;
				CLANG_WARN_RANGE_LOOP_ANALYSIS = YES;
				CLANG_WARN_STRICT_PROTOTYPES = YES;
				CLANG_WARN_SUSPICIOUS_MOVE = YES;
				CLANG_WARN_UNGUARDED_AVAILABILITY = YES_AGGRESSIVE;
				CLANG_WARN_UNREACHABLE_CODE = YES;
				CLANG_WARN__DUPLICATE_METHOD_MATCH = YES;
				COPY_PHASE_STRIP = NO;
				DEBUG_INFORMATION_FORMAT = "dwarf-with-dsym";
				ENABLE_NS_ASSERTIONS = NO;
				ENABLE_STRICT_OBJC_MSGSEND = YES;
				ENABLE_USER_SCRIPT_SANDBOXING = YES;
				GCC_C_LANGUAGE_STANDARD = gnu17;
				GCC_NO_COMMON_BLOCKS = YES;
				GCC_WARN_64_TO_32_BIT_CONVERSION = YES;
				GCC_WARN_ABOUT_RETURN_TYPE = YES_ERROR;
				GCC_WARN_UNDECLARED_SELECTOR = YES;
				GCC_WARN_UNINITIALIZED_AUTOS = YES_AGGRESSIVE;
				GCC_WARN_UNUSED_FUNCTION = YES;
				GCC_WARN_UNUSED_VARIABLE = YES;
				IPHONEOS_DEPLOYMENT_TARGET = 17.5;
				LOCALIZATION_PREFERS_STRING_CATALOGS = YES;
				MTL_ENABLE_DEBUG_INFO = NO;
				MTL_FAST_MATH = YES;
				SDKROOT = iphoneos;
				SWIFT_COMPILATION_MODE = wholemodule;
				VALIDATE_PRODUCT = YES;
			};
			name = Release;
		};
		263CA7AB2C0A2622009EAB42 /* Debug */ = {
			isa = XCBuildConfiguration;
			buildSettings = {
				ASSETCATALOG_COMPILER_APPICON_NAME = AppIcon;
				ASSETCATALOG_COMPILER_GLOBAL_ACCENT_COLOR_NAME = AccentColor;
				CODE_SIGN_STYLE = Automatic;
				CURRENT_PROJECT_VERSION = 1;
				DEVELOPMENT_ASSET_PATHS = "\"DHApp/Preview Content\"";
				DEVELOPMENT_TEAM = JP3ZF8X8PA;
				ENABLE_PREVIEWS = YES;
				GENERATE_INFOPLIST_FILE = YES;
				INFOPLIST_KEY_UIApplicationSceneManifest_Generation = YES;
				INFOPLIST_KEY_UIApplicationSupportsIndirectInputEvents = YES;
				INFOPLIST_KEY_UILaunchScreen_Generation = YES;
				INFOPLIST_KEY_UISupportedInterfaceOrientations_iPad = "UIInterfaceOrientationPortrait UIInterfaceOrientationPortraitUpsideDown UIInterfaceOrientationLandscapeLeft UIInterfaceOrientationLandscapeRight";
				INFOPLIST_KEY_UISupportedInterfaceOrientations_iPhone = "UIInterfaceOrientationPortrait UIInterfaceOrientationLandscapeLeft UIInterfaceOrientationLandscapeRight";
				LD_RUNPATH_SEARCH_PATHS = (
					"$(inherited)",
					"@executable_path/Frameworks",
				);
				MARKETING_VERSION = 1.0;
				PRODUCT_BUNDLE_IDENTIFIER = ca.kakaka.DHApp;
				PRODUCT_NAME = "$(TARGET_NAME)";
				SWIFT_EMIT_LOC_STRINGS = YES;
				SWIFT_VERSION = 5.0;
				TARGETED_DEVICE_FAMILY = "1,2";
			};
			name = Debug;
		};
		263CA7AC2C0A2622009EAB42 /* Release */ = {
			isa = XCBuildConfiguration;
			buildSettings = {
				ASSETCATALOG_COMPILER_APPICON_NAME = AppIcon;
				ASSETCATALOG_COMPILER_GLOBAL_ACCENT_COLOR_NAME = AccentColor;
				CODE_SIGN_STYLE = Automatic;
				CURRENT_PROJECT_VERSION = 1;
				DEVELOPMENT_ASSET_PATHS = "\"DHApp/Preview Content\"";
				DEVELOPMENT_TEAM = JP3ZF8X8PA;
				ENABLE_PREVIEWS = YES;
				GENERATE_INFOPLIST_FILE = YES;
				INFOPLIST_KEY_UIApplicationSceneManifest_Generation = YES;
				INFOPLIST_KEY_UIApplicationSupportsIndirectInputEvents = YES;
				INFOPLIST_KEY_UILaunchScreen_Generation = YES;
				INFOPLIST_KEY_UISupportedInterfaceOrientations_iPad = "UIInterfaceOrientationPortrait UIInterfaceOrientationPortraitUpsideDown UIInterfaceOrientationLandscapeLeft UIInterfaceOrientationLandscapeRight";
				INFOPLIST_KEY_UISupportedInterfaceOrientations_iPhone = "UIInterfaceOrientationPortrait UIInterfaceOrientationLandscapeLeft UIInterfaceOrientationLandscapeRight";
				LD_RUNPATH_SEARCH_PATHS = (
					"$(inherited)",
					"@executable_path/Frameworks",
				);
				MARKETING_VERSION = 1.0;
				PRODUCT_BUNDLE_IDENTIFIER = ca.kakaka.DHApp;
				PRODUCT_NAME = "$(TARGET_NAME)";
				SWIFT_EMIT_LOC_STRINGS = YES;
				SWIFT_VERSION = 5.0;
				TARGETED_DEVICE_FAMILY = "1,2";
			};
			name = Release;
		};
/* End XCBuildConfiguration section */

/* Begin XCConfigurationList section */
		263CA7972C0A2620009EAB42 /* Build configuration list for PBXProject "DHApp" */ = {
			isa = XCConfigurationList;
			buildConfigurations = (
				263CA7A82C0A2622009EAB42 /* Debug */,
				263CA7A92C0A2622009EAB42 /* Release */,
			);
			defaultConfigurationIsVisible = 0;
			defaultConfigurationName = Release;
		};
		263CA7AA2C0A2622009EAB42 /* Build configuration list for PBXNativeTarget "DHApp" */ = {
			isa = XCConfigurationList;
			buildConfigurations = (
				263CA7AB2C0A2622009EAB42 /* Debug */,
				263CA7AC2C0A2622009EAB42 /* Release */,
			);
			defaultConfigurationIsVisible = 0;
			defaultConfigurationName = Release;
		};
/* End XCConfigurationList section */

/* Begin XCRemoteSwiftPackageReference section */
		2654FBA72C19E9D300E78B48 /* XCRemoteSwiftPackageReference "supabase-swift" */ = {
			isa = XCRemoteSwiftPackageReference;
			repositoryURL = "https://github.com/supabase-community/supabase-swift";
			requirement = {
				kind = upToNextMajorVersion;
				minimumVersion = 2.5.1;
			};
		};
/* End XCRemoteSwiftPackageReference section */

/* Begin XCSwiftPackageProductDependency section */
		2654FBA82C19E9D300E78B48 /* Auth */ = {
			isa = XCSwiftPackageProductDependency;
			package = 2654FBA72C19E9D300E78B48 /* XCRemoteSwiftPackageReference "supabase-swift" */;
			productName = Auth;
		};
		2654FBAA2C19E9D300E78B48 /* Functions */ = {
			isa = XCSwiftPackageProductDependency;
			package = 2654FBA72C19E9D300E78B48 /* XCRemoteSwiftPackageReference "supabase-swift" */;
			productName = Functions;
		};
		2654FBAC2C19E9D300E78B48 /* PostgREST */ = {
			isa = XCSwiftPackageProductDependency;
			package = 2654FBA72C19E9D300E78B48 /* XCRemoteSwiftPackageReference "supabase-swift" */;
			productName = PostgREST;
		};
		2654FBAE2C19E9D300E78B48 /* Realtime */ = {
			isa = XCSwiftPackageProductDependency;
			package = 2654FBA72C19E9D300E78B48 /* XCRemoteSwiftPackageReference "supabase-swift" */;
			productName = Realtime;
		};
		2654FBB02C19E9D300E78B48 /* Storage */ = {
			isa = XCSwiftPackageProductDependency;
			package = 2654FBA72C19E9D300E78B48 /* XCRemoteSwiftPackageReference "supabase-swift" */;
			productName = Storage;
		};
		2654FBB22C19E9D300E78B48 /* Supabase */ = {
			isa = XCSwiftPackageProductDependency;
			package = 2654FBA72C19E9D300E78B48 /* XCRemoteSwiftPackageReference "supabase-swift" */;
			productName = Supabase;
		};
/* End XCSwiftPackageProductDependency section */
	};
	rootObject = 263CA7942C0A2620009EAB42 /* Project object */;
}
